
Microsoft Visual Studio Solution File, Format Version 11.00
# Visual Studio 2010
Project("{FAE04EC0-301F-11D3-BF4B-00C04F79EFBC}") = "GAPIs Calendar v3", "GAPIs Calendar v3\GAPIs Calendar v3.csproj", "{C16E77E3-7D4F-4C6E-890E-665C7F74C264}"
EndProject
Global
	GlobalSection(SolutionConfigurationPlatforms) = preSolution
		Debug|Any CPU = Debug|Any CPU
		Debug|Mixed Platforms = Debug|Mixed Platforms
		Debug|x86 = Debug|x86
		Release|Any CPU = Release|Any CPU
		Release|Mixed Platforms = Release|Mixed Platforms
		Release|x86 = Release|x86
	EndGlobalSection
	GlobalSection(ProjectConfigurationPlatforms) = postSolution
		{C16E77E3-7D4F-4C6E-890E-665C7F74C264}.Debug|Any CPU.ActiveCfg = Debug|Any CPU
		{C16E77E3-7D4F-4C6E-890E-665C7F74C264}.Debug|Any CPU.Build.0 = Debug|Any CPU
		{C16E77E3-7D4F-4C6E-890E-665C7F74C264}.Debug|Mixed Platforms.ActiveCfg = Debug|Any CPU
		{C16E77E3-7D4F-4C6E-890E-665C7F74C264}.Debug|Mixed Platforms.Build.0 = Debug|Any CPU
		{C16E77E3-7D4F-4C6E-890E-665C7F74C264}.Debug|x86.ActiveCfg = Debug|Any CPU
		{C16E77E3-7D4F-4C6E-890E-665C7F74C264}.Release|Any CPU.ActiveCfg = Release|Any CPU
		{C16E77E3-7D4F-4C6E-890E-665C7F74C264}.Release|Any CPU.Build.0 = Release|Any CPU
		{C16E77E3-7D4F-4C6E-890E-665C7F74C264}.Release|Mixed Platforms.ActiveCfg = Release|Any CPU
		{C16E77E3-7D4F-4C6E-890E-665C7F74C264}.Release|Mixed Platforms.Build.0 = Release|Any CPU
		{C16E77E3-7D4F-4C6E-890E-665C7F74C264}.Release|x86.ActiveCfg = Release|Any CPU
	EndGlobalSection
	GlobalSection(SolutionProperties) = preSolution
		HideSolutionNode = FALSE
	EndGlobalSection
EndGlobal
